
Microsoft Visual Studio Solution File, Format Version 12.00
# Visual Studio Version 16
VisualStudioVersion = 16.0.31105.61
MinimumVisualStudioVersion = 10.0.40219.1
Project("{9A19103F-16F7-4668-BE54-9A1E7A4F7556}") = "AspNetCoreProject", "AspNetCoreProject\AspNetCoreProject.csproj", "{2E3298BA-8486-4EE8-8C08-C1B763E5E244}"
EndProject
Project("{9A19103F-16F7-4668-BE54-9A1E7A4F7556}") = "AspNetCoreProject.Domain", "AspNetCoreProject.Domain\AspNetCoreProject.Domain.csproj", "{E85BDD5B-6D11-4C67-8F5F-79E760367483}"
EndProject
Project("{FAE04EC0-301F-11D3-BF4B-00C04F79EFBC}") = "AspNetCoreProject.DAL", "AspNetCoreProject.DAL\AspNetCoreProject.DAL.csproj", "{16AADF32-7853-4A62-81CC-7E92A90DF25A}"
EndProject
Global
	GlobalSection(SolutionConfigurationPlatforms) = preSolution
		Debug|Any CPU = Debug|Any CPU
		Release|Any CPU = Release|Any CPU
	EndGlobalSection
	GlobalSection(ProjectConfigurationPlatforms) = postSolution
		{2E3298BA-8486-4EE8-8C08-C1B763E5E244}.Debug|Any CPU.ActiveCfg = Debug|Any CPU
		{2E3298BA-8486-4EE8-8C08-C1B763E5E244}.Debug|Any CPU.Build.0 = Debug|Any CPU
		{2E3298BA-8486-4EE8-8C08-C1B763E5E244}.Release|Any CPU.ActiveCfg = Release|Any CPU
		{2E3298BA-8486-4EE8-8C08-C1B763E5E244}.Release|Any CPU.Build.0 = Release|Any CPU
		{E85BDD5B-6D11-4C67-8F5F-79E760367483}.Debug|Any CPU.ActiveCfg = Debug|Any CPU
		{E85BDD5B-6D11-4C67-8F5F-79E760367483}.Debug|Any CPU.Build.0 = Debug|Any CPU
		{E85BDD5B-6D11-4C67-8F5F-79E760367483}.Release|Any CPU.ActiveCfg = Release|Any CPU
		{E85BDD5B-6D11-4C67-8F5F-79E760367483}.Release|Any CPU.Build.0 = Release|Any CPU
		{16AADF32-7853-4A62-81CC-7E92A90DF25A}.Debug|Any CPU.ActiveCfg = Debug|Any CPU
		{16AADF32-7853-4A62-81CC-7E92A90DF25A}.Debug|Any CPU.Build.0 = Debug|Any CPU
		{16AADF32-7853-4A62-81CC-7E92A90DF25A}.Release|Any CPU.ActiveCfg = Release|Any CPU
		{16AADF32-7853-4A62-81CC-7E92A90DF25A}.Release|Any CPU.Build.0 = Release|Any CPU
	EndGlobalSection
	GlobalSection(SolutionProperties) = preSolution
		HideSolutionNode = FALSE
	EndGlobalSection
	GlobalSection(ExtensibilityGlobals) = postSolution
		SolutionGuid = {C7F7C329-14FE-4B54-9528-F2250A636CCB}
	EndGlobalSection
EndGlobal
